// !$*UTF8*$!
{
	archiveVersion = 1;
	classes = {
	};
	objectVersion = 56;
	objects = {

/* Begin PBXBuildFile section */
		5DBCF05D2A50663300499B52 /* Product.swift in Sources */ = {isa = PBXBuildFile; fileRef = 5DBCF05C2A50663300499B52 /* Product.swift */; };
		5DBCF05F2A506A4800499B52 /* ProductDomain.swift in Sources */ = {isa = PBXBuildFile; fileRef = 5DBCF05E2A506A4800499B52 /* ProductDomain.swift */; };
		5DBCF0612A506E0100499B52 /* AddToCartDomain.swift in Sources */ = {isa = PBXBuildFile; fileRef = 5DBCF0602A506E0100499B52 /* AddToCartDomain.swift */; };
		5DBCF0652A5072EB00499B52 /* ProductCell.swift in Sources */ = {isa = PBXBuildFile; fileRef = 5DBCF0642A5072EB00499B52 /* ProductCell.swift */; };
		5DBCF0672A50775600499B52 /* AddToCartButton.swift in Sources */ = {isa = PBXBuildFile; fileRef = 5DBCF0662A50775600499B52 /* AddToCartButton.swift */; };
		5DBCF0692A5079FE00499B52 /* PlusMinusButton.swift in Sources */ = {isa = PBXBuildFile; fileRef = 5DBCF0682A5079FE00499B52 /* PlusMinusButton.swift */; };
		5DBCF06B2A50CBE200499B52 /* ProductListDomain.swift in Sources */ = {isa = PBXBuildFile; fileRef = 5DBCF06A2A50CBE200499B52 /* ProductListDomain.swift */; };
		5DBCF06D2A5178FA00499B52 /* ProductListView.swift in Sources */ = {isa = PBXBuildFile; fileRef = 5DBCF06C2A5178F900499B52 /* ProductListView.swift */; };
		5DCD608C2A4EDB3300B96F10 /* TheComposableDetailedApp.swift in Sources */ = {isa = PBXBuildFile; fileRef = 5DCD608B2A4EDB3300B96F10 /* TheComposableDetailedApp.swift */; };
		5DCD608E2A4EDB3300B96F10 /* ContentView.swift in Sources */ = {isa = PBXBuildFile; fileRef = 5DCD608D2A4EDB3300B96F10 /* ContentView.swift */; };
		5DCD60902A4EDB3800B96F10 /* Assets.xcassets in Resources */ = {isa = PBXBuildFile; fileRef = 5DCD608F2A4EDB3800B96F10 /* Assets.xcassets */; };
		5DCD60932A4EDB3800B96F10 /* Preview Assets.xcassets in Resources */ = {isa = PBXBuildFile; fileRef = 5DCD60922A4EDB3800B96F10 /* Preview Assets.xcassets */; };
		5DCD609D2A4EDB3900B96F10 /* TheComposableDetailedTests.swift in Sources */ = {isa = PBXBuildFile; fileRef = 5DCD609C2A4EDB3900B96F10 /* TheComposableDetailedTests.swift */; };
		5DCD60A72A4EDB3900B96F10 /* TheComposableDetailedUITests.swift in Sources */ = {isa = PBXBuildFile; fileRef = 5DCD60A62A4EDB3900B96F10 /* TheComposableDetailedUITests.swift */; };
		5DCD60A92A4EDB3900B96F10 /* TheComposableDetailedUITestsLaunchTests.swift in Sources */ = {isa = PBXBuildFile; fileRef = 5DCD60A82A4EDB3900B96F10 /* TheComposableDetailedUITestsLaunchTests.swift */; };
		5DCD60B72A4EDEB400B96F10 /* ComposableArchitecture in Frameworks */ = {isa = PBXBuildFile; productRef = 5DCD60B62A4EDEB400B96F10 /* ComposableArchitecture */; };
/* End PBXBuildFile section */

/* Begin PBXContainerItemProxy section */
		5DCD60992A4EDB3800B96F10 /* PBXContainerItemProxy */ = {
			isa = PBXContainerItemProxy;
			containerPortal = 5DCD60802A4EDB3200B96F10 /* Project object */;
			proxyType = 1;
			remoteGlobalIDString = 5DCD60872A4EDB3300B96F10;
			remoteInfo = TheComposableDetailed;
		};
		5DCD60A32A4EDB3900B96F10 /* PBXContainerItemProxy */ = {
			isa = PBXContainerItemProxy;
			containerPortal = 5DCD60802A4EDB3200B96F10 /* Project object */;
			proxyType = 1;
			remoteGlobalIDString = 5DCD60872A4EDB3300B96F10;
			remoteInfo = TheComposableDetailed;
		};
/* End PBXContainerItemProxy section */

/* Begin PBXFileReference section */
		5DBCF05C2A50663300499B52 /* Product.swift */ = {isa = PBXFileReference; lastKnownFileType = sourcecode.swift; path = Product.swift; sourceTree = "<group>"; };
		5DBCF05E2A506A4800499B52 /* ProductDomain.swift */ = {isa = PBXFileReference; lastKnownFileType = sourcecode.swift; path = ProductDomain.swift; sourceTree = "<group>"; };
		5DBCF0602A506E0100499B52 /* AddToCartDomain.swift */ = {isa = PBXFileReference; lastKnownFileType = sourcecode.swift; path = AddToCartDomain.swift; sourceTree = "<group>"; };
		5DBCF0642A5072EB00499B52 /* ProductCell.swift */ = {isa = PBXFileReference; lastKnownFileType = sourcecode.swift; path = ProductCell.swift; sourceTree = "<group>"; };
		5DBCF0662A50775600499B52 /* AddToCartButton.swift */ = {isa = PBXFileReference; lastKnownFileType = sourcecode.swift; path = AddToCartButton.swift; sourceTree = "<group>"; };
		5DBCF0682A5079FE00499B52 /* PlusMinusButton.swift */ = {isa = PBXFileReference; lastKnownFileType = sourcecode.swift; path = PlusMinusButton.swift; sourceTree = "<group>"; };
		5DBCF06A2A50CBE200499B52 /* ProductListDomain.swift */ = {isa = PBXFileReference; lastKnownFileType = sourcecode.swift; path = ProductListDomain.swift; sourceTree = "<group>"; };
		5DBCF06C2A5178F900499B52 /* ProductListView.swift */ = {isa = PBXFileReference; lastKnownFileType = sourcecode.swift; path = ProductListView.swift; sourceTree = "<group>"; };
		5DCD60882A4EDB3300B96F10 /* TheComposableDetailed.app */ = {isa = PBXFileReference; explicitFileType = wrapper.application; includeInIndex = 0; path = TheComposableDetailed.app; sourceTree = BUILT_PRODUCTS_DIR; };
		5DCD608B2A4EDB3300B96F10 /* TheComposableDetailedApp.swift */ = {isa = PBXFileReference; lastKnownFileType = sourcecode.swift; path = TheComposableDetailedApp.swift; sourceTree = "<group>"; };
		5DCD608D2A4EDB3300B96F10 /* ContentView.swift */ = {isa = PBXFileReference; lastKnownFileType = sourcecode.swift; path = ContentView.swift; sourceTree = "<group>"; };
		5DCD608F2A4EDB3800B96F10 /* Assets.xcassets */ = {isa = PBXFileReference; lastKnownFileType = folder.assetcatalog; path = Assets.xcassets; sourceTree = "<group>"; };
		5DCD60922A4EDB3800B96F10 /* Preview Assets.xcassets */ = {isa = PBXFileReference; lastKnownFileType = folder.assetcatalog; path = "Preview Assets.xcassets"; sourceTree = "<group>"; };
		5DCD60982A4EDB3800B96F10 /* TheComposableDetailedTests.xctest */ = {isa = PBXFileReference; explicitFileType = wrapper.cfbundle; includeInIndex = 0; path = TheComposableDetailedTests.xctest; sourceTree = BUILT_PRODUCTS_DIR; };
		5DCD609C2A4EDB3900B96F10 /* TheComposableDetailedTests.swift */ = {isa = PBXFileReference; lastKnownFileType = sourcecode.swift; path = TheComposableDetailedTests.swift; sourceTree = "<group>"; };
		5DCD60A22A4EDB3900B96F10 /* TheComposableDetailedUITests.xctest */ = {isa = PBXFileReference; explicitFileType = wrapper.cfbundle; includeInIndex = 0; path = TheComposableDetailedUITests.xctest; sourceTree = BUILT_PRODUCTS_DIR; };
		5DCD60A62A4EDB3900B96F10 /* TheComposableDetailedUITests.swift */ = {isa = PBXFileReference; lastKnownFileType = sourcecode.swift; path = TheComposableDetailedUITests.swift; sourceTree = "<group>"; };
		5DCD60A82A4EDB3900B96F10 /* TheComposableDetailedUITestsLaunchTests.swift */ = {isa = PBXFileReference; lastKnownFileType = sourcecode.swift; path = TheComposableDetailedUITestsLaunchTests.swift; sourceTree = "<group>"; };
/* End PBXFileReference section */

/* Begin PBXFrameworksBuildPhase section */
		5DCD60852A4EDB3300B96F10 /* Frameworks */ = {
			isa = PBXFrameworksBuildPhase;
			buildActionMask = 2147483647;
			files = (
				5DCD60B72A4EDEB400B96F10 /* ComposableArchitecture in Frameworks */,
			);
			runOnlyForDeploymentPostprocessing = 0;
		};
		5DCD60952A4EDB3800B96F10 /* Frameworks */ = {
			isa = PBXFrameworksBuildPhase;
			buildActionMask = 2147483647;
			files = (
			);
			runOnlyForDeploymentPostprocessing = 0;
		};
		5DCD609F2A4EDB3900B96F10 /* Frameworks */ = {
			isa = PBXFrameworksBuildPhase;
			buildActionMask = 2147483647;
			files = (
			);
			runOnlyForDeploymentPostprocessing = 0;
		};
/* End PBXFrameworksBuildPhase section */

/* Begin PBXGroup section */
		5DBCF0622A50729600499B52 /* Product */ = {
			isa = PBXGroup;
			children = (
				5DBCF05C2A50663300499B52 /* Product.swift */,
				5DBCF05E2A506A4800499B52 /* ProductDomain.swift */,
				5DBCF0642A5072EB00499B52 /* ProductCell.swift */,
				5DBCF06A2A50CBE200499B52 /* ProductListDomain.swift */,
				5DBCF06C2A5178F900499B52 /* ProductListView.swift */,
			);
			path = Product;
			sourceTree = "<group>";
		};
		5DBCF0632A5072B000499B52 /* AddToCart */ = {
			isa = PBXGroup;
			children = (
				5DBCF0602A506E0100499B52 /* AddToCartDomain.swift */,
				5DBCF0662A50775600499B52 /* AddToCartButton.swift */,
				5DBCF0682A5079FE00499B52 /* PlusMinusButton.swift */,
			);
			path = AddToCart;
			sourceTree = "<group>";
		};
		5DCD607F2A4EDB3200B96F10 = {
			isa = PBXGroup;
			children = (
				5DCD608A2A4EDB3300B96F10 /* TheComposableDetailed */,
				5DCD609B2A4EDB3900B96F10 /* TheComposableDetailedTests */,
				5DCD60A52A4EDB3900B96F10 /* TheComposableDetailedUITests */,
				5DCD60892A4EDB3300B96F10 /* Products */,
			);
			sourceTree = "<group>";
		};
		5DCD60892A4EDB3300B96F10 /* Products */ = {
			isa = PBXGroup;
			children = (
				5DCD60882A4EDB3300B96F10 /* TheComposableDetailed.app */,
				5DCD60982A4EDB3800B96F10 /* TheComposableDetailedTests.xctest */,
				5DCD60A22A4EDB3900B96F10 /* TheComposableDetailedUITests.xctest */,
			);
			name = Products;
			sourceTree = "<group>";
		};
		5DCD608A2A4EDB3300B96F10 /* TheComposableDetailed */ = {
			isa = PBXGroup;
			children = (
				5DBCF0632A5072B000499B52 /* AddToCart */,
				5DBCF0622A50729600499B52 /* Product */,
				5DCD608B2A4EDB3300B96F10 /* TheComposableDetailedApp.swift */,
				5DCD608D2A4EDB3300B96F10 /* ContentView.swift */,
				5DCD608F2A4EDB3800B96F10 /* Assets.xcassets */,
				5DCD60912A4EDB3800B96F10 /* Preview Content */,
			);
			path = TheComposableDetailed;
			sourceTree = "<group>";
		};
		5DCD60912A4EDB3800B96F10 /* Preview Content */ = {
			isa = PBXGroup;
			children = (
				5DCD60922A4EDB3800B96F10 /* Preview Assets.xcassets */,
			);
			path = "Preview Content";
			sourceTree = "<group>";
		};
		5DCD609B2A4EDB3900B96F10 /* TheComposableDetailedTests */ = {
			isa = PBXGroup;
			children = (
				5DCD609C2A4EDB3900B96F10 /* TheComposableDetailedTests.swift */,
			);
			path = TheComposableDetailedTests;
			sourceTree = "<group>";
		};
		5DCD60A52A4EDB3900B96F10 /* TheComposableDetailedUITests */ = {
			isa = PBXGroup;
			children = (
				5DCD60A62A4EDB3900B96F10 /* TheComposableDetailedUITests.swift */,
				5DCD60A82A4EDB3900B96F10 /* TheComposableDetailedUITestsLaunchTests.swift */,
			);
			path = TheComposableDetailedUITests;
			sourceTree = "<group>";
		};
/* End PBXGroup section */

/* Begin PBXNativeTarget section */
		5DCD60872A4EDB3300B96F10 /* TheComposableDetailed */ = {
			isa = PBXNativeTarget;
			buildConfigurationList = 5DCD60AC2A4EDB3900B96F10 /* Build configuration list for PBXNativeTarget "TheComposableDetailed" */;
			buildPhases = (
				5DCD60842A4EDB3300B96F10 /* Sources */,
				5DCD60852A4EDB3300B96F10 /* Frameworks */,
				5DCD60862A4EDB3300B96F10 /* Resources */,
			);
			buildRules = (
			);
			dependencies = (
			);
			name = TheComposableDetailed;
			packageProductDependencies = (
				5DCD60B62A4EDEB400B96F10 /* ComposableArchitecture */,
			);
			productName = TheComposableDetailed;
			productReference = 5DCD60882A4EDB3300B96F10 /* TheComposableDetailed.app */;
			productType = "com.apple.product-type.application";
		};
		5DCD60972A4EDB3800B96F10 /* TheComposableDetailedTests */ = {
			isa = PBXNativeTarget;
			buildConfigurationList = 5DCD60AF2A4EDB3900B96F10 /* Build configuration list for PBXNativeTarget "TheComposableDetailedTests" */;
			buildPhases = (
				5DCD60942A4EDB3800B96F10 /* Sources */,
				5DCD60952A4EDB3800B96F10 /* Frameworks */,
				5DCD60962A4EDB3800B96F10 /* Resources */,
			);
			buildRules = (
			);
			dependencies = (
				5DCD609A2A4EDB3800B96F10 /* PBXTargetDependency */,
			);
			name = TheComposableDetailedTests;
			productName = TheComposableDetailedTests;
			productReference = 5DCD60982A4EDB3800B96F10 /* TheComposableDetailedTests.xctest */;
			productType = "com.apple.product-type.bundle.unit-test";
		};
		5DCD60A12A4EDB3900B96F10 /* TheComposableDetailedUITests */ = {
			isa = PBXNativeTarget;
			buildConfigurationList = 5DCD60B22A4EDB3900B96F10 /* Build configuration list for PBXNativeTarget "TheComposableDetailedUITests" */;
			buildPhases = (
				5DCD609E2A4EDB3900B96F10 /* Sources */,
				5DCD609F2A4EDB3900B96F10 /* Frameworks */,
				5DCD60A02A4EDB3900B96F10 /* Resources */,
			);
			buildRules = (
			);
			dependencies = (
				5DCD60A42A4EDB3900B96F10 /* PBXTargetDependency */,
			);
			name = TheComposableDetailedUITests;
			productName = TheComposableDetailedUITests;
			productReference = 5DCD60A22A4EDB3900B96F10 /* TheComposableDetailedUITests.xctest */;
			productType = "com.apple.product-type.bundle.ui-testing";
		};
/* End PBXNativeTarget section */

/* Begin PBXProject section */
		5DCD60802A4EDB3200B96F10 /* Project object */ = {
			isa = PBXProject;
			attributes = {
				BuildIndependentTargetsInParallel = 1;
				LastSwiftUpdateCheck = 1420;
				LastUpgradeCheck = 1420;
				TargetAttributes = {
					5DCD60872A4EDB3300B96F10 = {
						CreatedOnToolsVersion = 14.2;
					};
					5DCD60972A4EDB3800B96F10 = {
						CreatedOnToolsVersion = 14.2;
						TestTargetID = 5DCD60872A4EDB3300B96F10;
					};
					5DCD60A12A4EDB3900B96F10 = {
						CreatedOnToolsVersion = 14.2;
						TestTargetID = 5DCD60872A4EDB3300B96F10;
					};
				};
			};
			buildConfigurationList = 5DCD60832A4EDB3200B96F10 /* Build configuration list for PBXProject "TheComposableDetailed" */;
			compatibilityVersion = "Xcode 14.0";
			developmentRegion = en;
			hasScannedForEncodings = 0;
			knownRegions = (
				en,
				Base,
			);
			mainGroup = 5DCD607F2A4EDB3200B96F10;
			packageReferences = (
				5DCD60B52A4EDEB400B96F10 /* XCRemoteSwiftPackageReference "swift-composable-architecture" */,
			);
			productRefGroup = 5DCD60892A4EDB3300B96F10 /* Products */;
			projectDirPath = "";
			projectRoot = "";
			targets = (
				5DCD60872A4EDB3300B96F10 /* TheComposableDetailed */,
				5DCD60972A4EDB3800B96F10 /* TheComposableDetailedTests */,
				5DCD60A12A4EDB3900B96F10 /* TheComposableDetailedUITests */,
			);
		};
/* End PBXProject section */

/* Begin PBXResourcesBuildPhase section */
		5DCD60862A4EDB3300B96F10 /* Resources */ = {
			isa = PBXResourcesBuildPhase;
			buildActionMask = 2147483647;
			files = (
				5DCD60932A4EDB3800B96F10 /* Preview Assets.xcassets in Resources */,
				5DCD60902A4EDB3800B96F10 /* Assets.xcassets in Resources */,
			);
			runOnlyForDeploymentPostprocessing = 0;
		};
		5DCD60962A4EDB3800B96F10 /* Resources */ = {
			isa = PBXResourcesBuildPhase;
			buildActionMask = 2147483647;
			files = (
			);
			runOnlyForDeploymentPostprocessing = 0;
		};
		5DCD60A02A4EDB3900B96F10 /* Resources */ = {
			isa = PBXResourcesBuildPhase;
			buildActionMask = 2147483647;
			files = (
			);
			runOnlyForDeploymentPostprocessing = 0;
		};
/* End PBXResourcesBuildPhase section */

/* Begin PBXSourcesBuildPhase section */
		5DCD60842A4EDB3300B96F10 /* Sources */ = {
			isa = PBXSourcesBuildPhase;
			buildActionMask = 2147483647;
			files = (
				5DCD608E2A4EDB3300B96F10 /* ContentView.swift in Sources */,
				5DCD608C2A4EDB3300B96F10 /* TheComposableDetailedApp.swift in Sources */,
				5DBCF05D2A50663300499B52 /* Product.swift in Sources */,
				5DBCF06B2A50CBE200499B52 /* ProductListDomain.swift in Sources */,
				5DBCF06D2A5178FA00499B52 /* ProductListView.swift in Sources */,
				5DBCF0672A50775600499B52 /* AddToCartButton.swift in Sources */,
				5DBCF0692A5079FE00499B52 /* PlusMinusButton.swift in Sources */,
				5DBCF0652A5072EB00499B52 /* ProductCell.swift in Sources */,
				5DBCF05F2A506A4800499B52 /* ProductDomain.swift in Sources */,
				5DBCF0612A506E0100499B52 /* AddToCartDomain.swift in Sources */,
			);
			runOnlyForDeploymentPostprocessing = 0;
		};
		5DCD60942A4EDB3800B96F10 /* Sources */ = {
			isa = PBXSourcesBuildPhase;
			buildActionMask = 2147483647;
			files = (
				5DCD609D2A4EDB3900B96F10 /* TheComposableDetailedTests.swift in Sources */,
			);
			runOnlyForDeploymentPostprocessing = 0;
		};
		5DCD609E2A4EDB3900B96F10 /* Sources */ = {
			isa = PBXSourcesBuildPhase;
			buildActionMask = 2147483647;
			files = (
				5DCD60A72A4EDB3900B96F10 /* TheComposableDetailedUITests.swift in Sources */,
				5DCD60A92A4EDB3900B96F10 /* TheComposableDetailedUITestsLaunchTests.swift in Sources */,
			);
			runOnlyForDeploymentPostprocessing = 0;
		};
/* End PBXSourcesBuildPhase section */

/* Begin PBXTargetDependency section */
		5DCD609A2A4EDB3800B96F10 /* PBXTargetDependency */ = {
			isa = PBXTargetDependency;
			target = 5DCD60872A4EDB3300B96F10 /* TheComposableDetailed */;
			targetProxy = 5DCD60992A4EDB3800B96F10 /* PBXContainerItemProxy */;
		};
		5DCD60A42A4EDB3900B96F10 /* PBXTargetDependency */ = {
			isa = PBXTargetDependency;
			target = 5DCD60872A4EDB3300B96F10 /* TheComposableDetailed */;
			targetProxy = 5DCD60A32A4EDB3900B96F10 /* PBXContainerItemProxy */;
		};
/* End PBXTargetDependency section */

/* Begin XCBuildConfiguration section */
		5DCD60AA2A4EDB3900B96F10 /* Debug */ = {
			isa = XCBuildConfiguration;
			buildSettings = {
				ALWAYS_SEARCH_USER_PATHS = NO;
				CLANG_ANALYZER_NONNULL = YES;
				CLANG_ANALYZER_NUMBER_OBJECT_CONVERSION = YES_AGGRESSIVE;
				CLANG_CXX_LANGUAGE_STANDARD = "gnu++20";
				CLANG_ENABLE_MODULES = YES;
				CLANG_ENABLE_OBJC_ARC = YES;
				CLANG_ENABLE_OBJC_WEAK = YES;
				CLANG_WARN_BLOCK_CAPTURE_AUTORELEASING = YES;
				CLANG_WARN_BOOL_CONVERSION = YES;
				CLANG_WARN_COMMA = YES;
				CLANG_WARN_CONSTANT_CONVERSION = YES;
				CLANG_WARN_DEPRECATED_OBJC_IMPLEMENTATIONS = YES;
				CLANG_WARN_DIRECT_OBJC_ISA_USAGE = YES_ERROR;
				CLANG_WARN_DOCUMENTATION_COMMENTS = YES;
				CLANG_WARN_EMPTY_BODY = YES;
				CLANG_WARN_ENUM_CONVERSION = YES;
				CLANG_WARN_INFINITE_RECURSION = YES;
				CLANG_WARN_INT_CONVERSION = YES;
				CLANG_WARN_NON_LITERAL_NULL_CONVERSION = YES;
				CLANG_WARN_OBJC_IMPLICIT_RETAIN_SELF = YES;
				CLANG_WARN_OBJC_LITERAL_CONVERSION = YES;
				CLANG_WARN_OBJC_ROOT_CLASS = YES_ERROR;
				CLANG_WARN_QUOTED_INCLUDE_IN_FRAMEWORK_HEADER = YES;
				CLANG_WARN_RANGE_LOOP_ANALYSIS = YES;
				CLANG_WARN_STRICT_PROTOTYPES = YES;
				CLANG_WARN_SUSPICIOUS_MOVE = YES;
				CLANG_WARN_UNGUARDED_AVAILABILITY = YES_AGGRESSIVE;
				CLANG_WARN_UNREACHABLE_CODE = YES;
				CLANG_WARN__DUPLICATE_METHOD_MATCH = YES;
				COPY_PHASE_STRIP = NO;
				DEBUG_INFORMATION_FORMAT = dwarf;
				ENABLE_STRICT_OBJC_MSGSEND = YES;
				ENABLE_TESTABILITY = YES;
				GCC_C_LANGUAGE_STANDARD = gnu11;
				GCC_DYNAMIC_NO_PIC = NO;
				GCC_NO_COMMON_BLOCKS = YES;
				GCC_OPTIMIZATION_LEVEL = 0;
				GCC_PREPROCESSOR_DEFINITIONS = (
					"DEBUG=1",
					"$(inherited)",
				);
				GCC_WARN_64_TO_32_BIT_CONVERSION = YES;
				GCC_WARN_ABOUT_RETURN_TYPE = YES_ERROR;
				GCC_WARN_UNDECLARED_SELECTOR = YES;
				GCC_WARN_UNINITIALIZED_AUTOS = YES_AGGRESSIVE;
				GCC_WARN_UNUSED_FUNCTION = YES;
				GCC_WARN_UNUSED_VARIABLE = YES;
				IPHONEOS_DEPLOYMENT_TARGET = 16.2;
				MTL_ENABLE_DEBUG_INFO = INCLUDE_SOURCE;
				MTL_FAST_MATH = YES;
				ONLY_ACTIVE_ARCH = YES;
				SDKROOT = iphoneos;
				SWIFT_ACTIVE_COMPILATION_CONDITIONS = DEBUG;
				SWIFT_OPTIMIZATION_LEVEL = "-Onone";
			};
			name = Debug;
		};
		5DCD60AB2A4EDB3900B96F10 /* Release */ = {
			isa = XCBuildConfiguration;
			buildSettings = {
				ALWAYS_SEARCH_USER_PATHS = NO;
				CLANG_ANALYZER_NONNULL = YES;
				CLANG_ANALYZER_NUMBER_OBJECT_CONVERSION = YES_AGGRESSIVE;
				CLANG_CXX_LANGUAGE_STANDARD = "gnu++20";
				CLANG_ENABLE_MODULES = YES;
				CLANG_ENABLE_OBJC_ARC = YES;
				CLANG_ENABLE_OBJC_WEAK = YES;
				CLANG_WARN_BLOCK_CAPTURE_AUTORELEASING = YES;
				CLANG_WARN_BOOL_CONVERSION = YES;
				CLANG_WARN_COMMA = YES;
				CLANG_WARN_CONSTANT_CONVERSION = YES;
				CLANG_WARN_DEPRECATED_OBJC_IMPLEMENTATIONS = YES;
				CLANG_WARN_DIRECT_OBJC_ISA_USAGE = YES_ERROR;
				CLANG_WARN_DOCUMENTATION_COMMENTS = YES;
				CLANG_WARN_EMPTY_BODY = YES;
				CLANG_WARN_ENUM_CONVERSION = YES;
				CLANG_WARN_INFINITE_RECURSION = YES;
				CLANG_WARN_INT_CONVERSION = YES;
				CLANG_WARN_NON_LITERAL_NULL_CONVERSION = YES;
				CLANG_WARN_OBJC_IMPLICIT_RETAIN_SELF = YES;
				CLANG_WARN_OBJC_LITERAL_CONVERSION = YES;
				CLANG_WARN_OBJC_ROOT_CLASS = YES_ERROR;
				CLANG_WARN_QUOTED_INCLUDE_IN_FRAMEWORK_HEADER = YES;
				CLANG_WARN_RANGE_LOOP_ANALYSIS = YES;
				CLANG_WARN_STRICT_PROTOTYPES = YES;
				CLANG_WARN_SUSPICIOUS_MOVE = YES;
				CLANG_WARN_UNGUARDED_AVAILABILITY = YES_AGGRESSIVE;
				CLANG_WARN_UNREACHABLE_CODE = YES;
				CLANG_WARN__DUPLICATE_METHOD_MATCH = YES;
				COPY_PHASE_STRIP = NO;
				DEBUG_INFORMATION_FORMAT = "dwarf-with-dsym";
				ENABLE_NS_ASSERTIONS = NO;
				ENABLE_STRICT_OBJC_MSGSEND = YES;
				GCC_C_LANGUAGE_STANDARD = gnu11;
				GCC_NO_COMMON_BLOCKS = YES;
				GCC_WARN_64_TO_32_BIT_CONVERSION = YES;
				GCC_WARN_ABOUT_RETURN_TYPE = YES_ERROR;
				GCC_WARN_UNDECLARED_SELECTOR = YES;
				GCC_WARN_UNINITIALIZED_AUTOS = YES_AGGRESSIVE;
				GCC_WARN_UNUSED_FUNCTION = YES;
				GCC_WARN_UNUSED_VARIABLE = YES;
				IPHONEOS_DEPLOYMENT_TARGET = 16.2;
				MTL_ENABLE_DEBUG_INFO = NO;
				MTL_FAST_MATH = YES;
				SDKROOT = iphoneos;
				SWIFT_COMPILATION_MODE = wholemodule;
				SWIFT_OPTIMIZATION_LEVEL = "-O";
				VALIDATE_PRODUCT = YES;
			};
			name = Release;
		};
		5DCD60AD2A4EDB3900B96F10 /* Debug */ = {
			isa = XCBuildConfiguration;
			buildSettings = {
				ASSETCATALOG_COMPILER_APPICON_NAME = AppIcon;
				ASSETCATALOG_COMPILER_GLOBAL_ACCENT_COLOR_NAME = AccentColor;
				CODE_SIGN_STYLE = Automatic;
				CURRENT_PROJECT_VERSION = 1;
				DEVELOPMENT_ASSET_PATHS = "\"TheComposableDetailed/Preview Content\"";
				DEVELOPMENT_TEAM = CT7H96YF74;
				ENABLE_PREVIEWS = YES;
				GENERATE_INFOPLIST_FILE = YES;
				INFOPLIST_KEY_UIApplicationSceneManifest_Generation = YES;
				INFOPLIST_KEY_UIApplicationSupportsIndirectInputEvents = YES;
				INFOPLIST_KEY_UILaunchScreen_Generation = YES;
				INFOPLIST_KEY_UISupportedInterfaceOrientations_iPad = "UIInterfaceOrientationPortrait UIInterfaceOrientationPortraitUpsideDown UIInterfaceOrientationLandscapeLeft UIInterfaceOrientationLandscapeRight";
				INFOPLIST_KEY_UISupportedInterfaceOrientations_iPhone = "UIInterfaceOrientationPortrait UIInterfaceOrientationLandscapeLeft UIInterfaceOrientationLandscapeRight";
				LD_RUNPATH_SEARCH_PATHS = (
					"$(inherited)",
					"@executable_path/Frameworks",
				);
				MARKETING_VERSION = 1.0;
				PRODUCT_BUNDLE_IDENTIFIER = KamsQue.TheComposableDetailed;
				PRODUCT_NAME = "$(TARGET_NAME)";
				SWIFT_EMIT_LOC_STRINGS = YES;
				SWIFT_VERSION = 5.0;
				TARGETED_DEVICE_FAMILY = "1,2";
			};
			name = Debug;
		};
		5DCD60AE2A4EDB3900B96F10 /* Release */ = {
			isa = XCBuildConfiguration;
			buildSettings = {
				ASSETCATALOG_COMPILER_APPICON_NAME = AppIcon;
				ASSETCATALOG_COMPILER_GLOBAL_ACCENT_COLOR_NAME = AccentColor;
				CODE_SIGN_STYLE = Automatic;
				CURRENT_PROJECT_VERSION = 1;
				DEVELOPMENT_ASSET_PATHS = "\"TheComposableDetailed/Preview Content\"";
				DEVELOPMENT_TEAM = CT7H96YF74;
				ENABLE_PREVIEWS = YES;
				GENERATE_INFOPLIST_FILE = YES;
				INFOPLIST_KEY_UIApplicationSceneManifest_Generation = YES;
				INFOPLIST_KEY_UIApplicationSupportsIndirectInputEvents = YES;
				INFOPLIST_KEY_UILaunchScreen_Generation = YES;
				INFOPLIST_KEY_UISupportedInterfaceOrientations_iPad = "UIInterfaceOrientationPortrait UIInterfaceOrientationPortraitUpsideDown UIInterfaceOrientationLandscapeLeft UIInterfaceOrientationLandscapeRight";
				INFOPLIST_KEY_UISupportedInterfaceOrientations_iPhone = "UIInterfaceOrientationPortrait UIInterfaceOrientationLandscapeLeft UIInterfaceOrientationLandscapeRight";
				LD_RUNPATH_SEARCH_PATHS = (
					"$(inherited)",
					"@executable_path/Frameworks",
				);
				MARKETING_VERSION = 1.0;
				PRODUCT_BUNDLE_IDENTIFIER = KamsQue.TheComposableDetailed;
				PRODUCT_NAME = "$(TARGET_NAME)";
				SWIFT_EMIT_LOC_STRINGS = YES;
				SWIFT_VERSION = 5.0;
				TARGETED_DEVICE_FAMILY = "1,2";
			};
			name = Release;
		};
		5DCD60B02A4EDB3900B96F10 /* Debug */ = {
			isa = XCBuildConfiguration;
			buildSettings = {
				ALWAYS_EMBED_SWIFT_STANDARD_LIBRARIES = YES;
				BUNDLE_LOADER = "$(TEST_HOST)";
				CODE_SIGN_STYLE = Automatic;
				CURRENT_PROJECT_VERSION = 1;
				DEVELOPMENT_TEAM = CT7H96YF74;
				GENERATE_INFOPLIST_FILE = YES;
				IPHONEOS_DEPLOYMENT_TARGET = 16.2;
				MARKETING_VERSION = 1.0;
				PRODUCT_BUNDLE_IDENTIFIER = KamsQue.TheComposableDetailedTests;
				PRODUCT_NAME = "$(TARGET_NAME)";
				SWIFT_EMIT_LOC_STRINGS = NO;
				SWIFT_VERSION = 5.0;
				TARGETED_DEVICE_FAMILY = "1,2";
				TEST_HOST = "$(BUILT_PRODUCTS_DIR)/TheComposableDetailed.app/$(BUNDLE_EXECUTABLE_FOLDER_PATH)/TheComposableDetailed";
			};
			name = Debug;
		};
		5DCD60B12A4EDB3900B96F10 /* Release */ = {
			isa = XCBuildConfiguration;
			buildSettings = {
				ALWAYS_EMBED_SWIFT_STANDARD_LIBRARIES = YES;
				BUNDLE_LOADER = "$(TEST_HOST)";
				CODE_SIGN_STYLE = Automatic;
				CURRENT_PROJECT_VERSION = 1;
				DEVELOPMENT_TEAM = CT7H96YF74;
				GENERATE_INFOPLIST_FILE = YES;
				IPHONEOS_DEPLOYMENT_TARGET = 16.2;
				MARKETING_VERSION = 1.0;
				PRODUCT_BUNDLE_IDENTIFIER = KamsQue.TheComposableDetailedTests;
				PRODUCT_NAME = "$(TARGET_NAME)";
				SWIFT_EMIT_LOC_STRINGS = NO;
				SWIFT_VERSION = 5.0;
				TARGETED_DEVICE_FAMILY = "1,2";
				TEST_HOST = "$(BUILT_PRODUCTS_DIR)/TheComposableDetailed.app/$(BUNDLE_EXECUTABLE_FOLDER_PATH)/TheComposableDetailed";
			};
			name = Release;
		};
		5DCD60B32A4EDB3900B96F10 /* Debug */ = {
			isa = XCBuildConfiguration;
			buildSettings = {
				ALWAYS_EMBED_SWIFT_STANDARD_LIBRARIES = YES;
				CODE_SIGN_STYLE = Automatic;
				CURRENT_PROJECT_VERSION = 1;
				DEVELOPMENT_TEAM = CT7H96YF74;
				GENERATE_INFOPLIST_FILE = YES;
				MARKETING_VERSION = 1.0;
				PRODUCT_BUNDLE_IDENTIFIER = KamsQue.TheComposableDetailedUITests;
				PRODUCT_NAME = "$(TARGET_NAME)";
				SWIFT_EMIT_LOC_STRINGS = NO;
				SWIFT_VERSION = 5.0;
				TARGETED_DEVICE_FAMILY = "1,2";
				TEST_TARGET_NAME = TheComposableDetailed;
			};
			name = Debug;
		};
		5DCD60B42A4EDB3900B96F10 /* Release */ = {
			isa = XCBuildConfiguration;
			buildSettings = {
				ALWAYS_EMBED_SWIFT_STANDARD_LIBRARIES = YES;
				CODE_SIGN_STYLE = Automatic;
				CURRENT_PROJECT_VERSION = 1;
				DEVELOPMENT_TEAM = CT7H96YF74;
				GENERATE_INFOPLIST_FILE = YES;
				MARKETING_VERSION = 1.0;
				PRODUCT_BUNDLE_IDENTIFIER = KamsQue.TheComposableDetailedUITests;
				PRODUCT_NAME = "$(TARGET_NAME)";
				SWIFT_EMIT_LOC_STRINGS = NO;
				SWIFT_VERSION = 5.0;
				TARGETED_DEVICE_FAMILY = "1,2";
				TEST_TARGET_NAME = TheComposableDetailed;
			};
			name = Release;
		};
/* End XCBuildConfiguration section */

/* Begin XCConfigurationList section */
		5DCD60832A4EDB3200B96F10 /* Build configuration list for PBXProject "TheComposableDetailed" */ = {
			isa = XCConfigurationList;
			buildConfigurations = (
				5DCD60AA2A4EDB3900B96F10 /* Debug */,
				5DCD60AB2A4EDB3900B96F10 /* Release */,
			);
			defaultConfigurationIsVisible = 0;
			defaultConfigurationName = Release;
		};
		5DCD60AC2A4EDB3900B96F10 /* Build configuration list for PBXNativeTarget "TheComposableDetailed" */ = {
			isa = XCConfigurationList;
			buildConfigurations = (
				5DCD60AD2A4EDB3900B96F10 /* Debug */,
				5DCD60AE2A4EDB3900B96F10 /* Release */,
			);
			defaultConfigurationIsVisible = 0;
			defaultConfigurationName = Release;
		};
		5DCD60AF2A4EDB3900B96F10 /* Build configuration list for PBXNativeTarget "TheComposableDetailedTests" */ = {
			isa = XCConfigurationList;
			buildConfigurations = (
				5DCD60B02A4EDB3900B96F10 /* Debug */,
				5DCD60B12A4EDB3900B96F10 /* Release */,
			);
			defaultConfigurationIsVisible = 0;
			defaultConfigurationName = Release;
		};
		5DCD60B22A4EDB3900B96F10 /* Build configuration list for PBXNativeTarget "TheComposableDetailedUITests" */ = {
			isa = XCConfigurationList;
			buildConfigurations = (
				5DCD60B32A4EDB3900B96F10 /* Debug */,
				5DCD60B42A4EDB3900B96F10 /* Release */,
			);
			defaultConfigurationIsVisible = 0;
			defaultConfigurationName = Release;
		};
/* End XCConfigurationList section */

/* Begin XCRemoteSwiftPackageReference section */
		5DCD60B52A4EDEB400B96F10 /* XCRemoteSwiftPackageReference "swift-composable-architecture" */ = {
			isa = XCRemoteSwiftPackageReference;
			repositoryURL = "https://github.com/pointfreeco/swift-composable-architecture.git";
			requirement = {
				kind = upToNextMajorVersion;
				minimumVersion = 0.9.0;
			};
		};
/* End XCRemoteSwiftPackageReference section */

/* Begin XCSwiftPackageProductDependency section */
		5DCD60B62A4EDEB400B96F10 /* ComposableArchitecture */ = {
			isa = XCSwiftPackageProductDependency;
			package = 5DCD60B52A4EDEB400B96F10 /* XCRemoteSwiftPackageReference "swift-composable-architecture" */;
			productName = ComposableArchitecture;
		};
/* End XCSwiftPackageProductDependency section */
	};
	rootObject = 5DCD60802A4EDB3200B96F10 /* Project object */;
}
